
Microsoft Visual Studio Solution File, Format Version 12.00
# Visual Studio Version 17
VisualStudioVersion = 17.14.36301.6
MinimumVisualStudioVersion = 10.0.40219.1
Project("{2150E333-8FDC-42A3-9474-1A3956D46DE8}") = "Solution Items", "Solution Items", "{8EC462FD-D22E-90A8-E5CE-7E832BA40C5D}"
	ProjectSection(SolutionItems) = preProject
		docker-compose.yml = docker-compose.yml
		Dockerfile = Dockerfile
	EndProjectSection
EndProject
Project("{FAE04EC0-301F-11D3-BF4B-00C04F79EFBC}") = "Data", "Data\Data.csproj", "{CC48D6A4-CE73-4C88-A6B7-3949E04B8629}"
EndProject
Project("{FAE04EC0-301F-11D3-BF4B-00C04F79EFBC}") = "Presentation", "Presentation\Presentation.csproj", "{26BB4B99-E4DB-8D6F-9A99-39E9DFD5E68A}"
EndProject
Project("{FAE04EC0-301F-11D3-BF4B-00C04F79EFBC}") = "Business", "Business\Business.csproj", "{C5827C10-32D2-D72F-4639-49B48E591E74}"
EndProject
Global
	GlobalSection(SolutionConfigurationPlatforms) = preSolution
		Debug|Any CPU = Debug|Any CPU
		Release|Any CPU = Release|Any CPU
	EndGlobalSection
	GlobalSection(ProjectConfigurationPlatforms) = postSolution
		{CC48D6A4-CE73-4C88-A6B7-3949E04B8629}.Debug|Any CPU.ActiveCfg = Debug|Any CPU
		{CC48D6A4-CE73-4C88-A6B7-3949E04B8629}.Debug|Any CPU.Build.0 = Debug|Any CPU
		{CC48D6A4-CE73-4C88-A6B7-3949E04B8629}.Release|Any CPU.ActiveCfg = Release|Any CPU
		{CC48D6A4-CE73-4C88-A6B7-3949E04B8629}.Release|Any CPU.Build.0 = Release|Any CPU
		{26BB4B99-E4DB-8D6F-9A99-39E9DFD5E68A}.Debug|Any CPU.ActiveCfg = Debug|Any CPU
		{26BB4B99-E4DB-8D6F-9A99-39E9DFD5E68A}.Debug|Any CPU.Build.0 = Debug|Any CPU
		{26BB4B99-E4DB-8D6F-9A99-39E9DFD5E68A}.Release|Any CPU.ActiveCfg = Release|Any CPU
		{26BB4B99-E4DB-8D6F-9A99-39E9DFD5E68A}.Release|Any CPU.Build.0 = Release|Any CPU
		{C5827C10-32D2-D72F-4639-49B48E591E74}.Debug|Any CPU.ActiveCfg = Debug|Any CPU
		{C5827C10-32D2-D72F-4639-49B48E591E74}.Debug|Any CPU.Build.0 = Debug|Any CPU
		{C5827C10-32D2-D72F-4639-49B48E591E74}.Release|Any CPU.ActiveCfg = Release|Any CPU
		{C5827C10-32D2-D72F-4639-49B48E591E74}.Release|Any CPU.Build.0 = Release|Any CPU
	EndGlobalSection
	GlobalSection(SolutionProperties) = preSolution
		HideSolutionNode = FALSE
	EndGlobalSection
	GlobalSection(ExtensibilityGlobals) = postSolution
		SolutionGuid = {91388195-A91A-49C6-BE8F-F195DF76A3BC}
	EndGlobalSection
EndGlobal
